
Microsoft Visual Studio Solution File, Format Version 12.00
# Visual Studio Version 16
VisualStudioVersion = 16.0.32126.315
MinimumVisualStudioVersion = 10.0.40219.1
Project("{FAE04EC0-301F-11D3-BF4B-00C04F79EFBC}") = "PublishingHouse", "PublishingHouse\PublishingHouse.csproj", "{FC12EE25-BD3F-44D4-876B-E453D64A1F7C}"
EndProject
Global
	GlobalSection(SolutionConfigurationPlatforms) = preSolution
		Debug|Any CPU = Debug|Any CPU
		Release|Any CPU = Release|Any CPU
	EndGlobalSection
	GlobalSection(ProjectConfigurationPlatforms) = postSolution
		{FC12EE25-BD3F-44D4-876B-E453D64A1F7C}.Debug|Any CPU.ActiveCfg = Debug|Any CPU
		{FC12EE25-BD3F-44D4-876B-E453D64A1F7C}.Debug|Any CPU.Build.0 = Debug|Any CPU
		{FC12EE25-BD3F-44D4-876B-E453D64A1F7C}.Release|Any CPU.ActiveCfg = Release|Any CPU
		{FC12EE25-BD3F-44D4-876B-E453D64A1F7C}.Release|Any CPU.Build.0 = Release|Any CPU
	EndGlobalSection
	GlobalSection(SolutionProperties) = preSolution
		HideSolutionNode = FALSE
	EndGlobalSection
	GlobalSection(ExtensibilityGlobals) = postSolution
		SolutionGuid = {2D4B4176-F815-4182-BD8F-449490FBDB28}
	EndGlobalSection
EndGlobal
